
Microsoft Visual Studio Solution File, Format Version 12.00
# Visual Studio Version 17
VisualStudioVersion = 17.3.32901.215
MinimumVisualStudioVersion = 10.0.40219.1
Project("{FAE04EC0-301F-11D3-BF4B-00C04F79EFBC}") = "P5_2_1214073", "P5_2_1214073\P5_2_1214073.csproj", "{95945610-1AA2-4016-B2B3-693C19EFB188}"
EndProject
Global
	GlobalSection(SolutionConfigurationPlatforms) = preSolution
		Debug|Any CPU = Debug|Any CPU
		Release|Any CPU = Release|Any CPU
	EndGlobalSection
	GlobalSection(ProjectConfigurationPlatforms) = postSolution
		{95945610-1AA2-4016-B2B3-693C19EFB188}.Debug|Any CPU.ActiveCfg = Debug|Any CPU
		{95945610-1AA2-4016-B2B3-693C19EFB188}.Debug|Any CPU.Build.0 = Debug|Any CPU
		{95945610-1AA2-4016-B2B3-693C19EFB188}.Release|Any CPU.ActiveCfg = Release|Any CPU
		{95945610-1AA2-4016-B2B3-693C19EFB188}.Release|Any CPU.Build.0 = Release|Any CPU
	EndGlobalSection
	GlobalSection(SolutionProperties) = preSolution
		HideSolutionNode = FALSE
	EndGlobalSection
	GlobalSection(ExtensibilityGlobals) = postSolution
		SolutionGuid = {A3BB164D-095B-4E1B-9C29-BB96FF9A1C6B}
	EndGlobalSection
EndGlobal
